PODS:
  - AFNetworking (2.5.0):
    - AFNetworking/NSURLConnection (= 2.5.0)
    - AFNetworking/NSURLSession (= 2.5.0)
    - AFNetworking/Reachability (= 2.5.0)
    - AFNetworking/Security (= 2.5.0)
    - AFNetworking/Serialization (= 2.5.0)
    - AFNetworking/UIKit (= 2.5.0)
  - AFNetworking/NSURLConnection (2.5.0):
    - AFNetworking/Reachability
    - AFNetworking/Security
    - AFNetworking/Serialization
  - AFNetworking/NSURLSession (2.5.0):
    - AFNetworking/Reachability
    - AFNetworking/Security
    - AFNetworking/Serialization
  - AFNetworking/Reachability (2.5.0)
  - AFNetworking/Security (2.5.0)
  - AFNetworking/Serialization (2.5.0)
  - AFNetworking/UIKit (2.5.0):
    - AFNetworking/NSURLConnection
    - AFNetworking/NSURLSession
  - AWSAutoScaling (2.3.3):
    - AWSCore (= 2.3.3)
  - AWSCloudWatch (2.3.3):
    - AWSCore (= 2.3.3)
  - AWSCore (2.3.3)
  - AWSDynamoDB (2.3.3):
    - AWSCore (= 2.3.3)
  - AWSEC2 (2.3.3):
    - AWSCore (= 2.3.3)
  - AWSElasticLoadBalancing (2.3.3):
    - AWSCore (= 2.3.3)
  - AWSiOSSDKv2 (2.3.3):
    - AWSiOSSDKv2/AutoScaling (= 2.3.3)
    - AWSiOSSDKv2/AWSCore (= 2.3.3)
    - AWSiOSSDKv2/CloudWatch (= 2.3.3)
    - AWSiOSSDKv2/DynamoDB (= 2.3.3)
    - AWSiOSSDKv2/EC2 (= 2.3.3)
    - AWSiOSSDKv2/ElasticLoadBalancing (= 2.3.3)
    - AWSiOSSDKv2/Kinesis (= 2.3.3)
    - AWSiOSSDKv2/MobileAnalytics (= 2.3.3)
    - AWSiOSSDKv2/S3 (= 2.3.3)
    - AWSiOSSDKv2/SES (= 2.3.3)
    - AWSiOSSDKv2/SimpleDB (= 2.3.3)
    - AWSiOSSDKv2/SNS (= 2.3.3)
    - AWSiOSSDKv2/SQS (= 2.3.3)
  - AWSiOSSDKv2/AutoScaling (2.3.3):
    - AWSAutoScaling (= 2.3.3)
  - AWSiOSSDKv2/AWSCore (2.3.3):
    - AWSCore (= 2.3.3)
  - AWSiOSSDKv2/CloudWatch (2.3.3):
    - AWSCloudWatch (= 2.3.3)
  - AWSiOSSDKv2/DynamoDB (2.3.3):
    - AWSDynamoDB (= 2.3.3)
  - AWSiOSSDKv2/EC2 (2.3.3):
    - AWSEC2 (= 2.3.3)
  - AWSiOSSDKv2/ElasticLoadBalancing (2.3.3):
    - AWSElasticLoadBalancing (= 2.3.3)
  - AWSiOSSDKv2/Kinesis (2.3.3):
    - AWSKinesis (= 2.3.3)
  - AWSiOSSDKv2/MobileAnalytics (2.3.3):
    - AWSMobileAnalytics (= 2.3.3)
  - AWSiOSSDKv2/S3 (2.3.3):
    - AWSS3 (= 2.3.3)
  - AWSiOSSDKv2/SES (2.3.3):
    - AWSSES (= 2.3.3)
  - AWSiOSSDKv2/SimpleDB (2.3.3):
    - AWSSimpleDB (= 2.3.3)
  - AWSiOSSDKv2/SNS (2.3.3):
    - AWSSNS (= 2.3.3)
  - AWSiOSSDKv2/SQS (2.3.3):
    - AWSSQS (= 2.3.3)
  - AWSKinesis (2.3.3):
    - AWSCore (= 2.3.3)
  - AWSMobileAnalytics (2.3.3):
    - AWSCore (= 2.3.3)
  - AWSS3 (2.3.3):
    - AWSCore (= 2.3.3)
  - AWSSES (2.3.3):
    - AWSCore (= 2.3.3)
  - AWSSimpleDB (2.3.3):
    - AWSCore (= 2.3.3)
  - AWSSNS (2.3.3):
    - AWSCore (= 2.3.3)
  - AWSSQS (2.3.3):
    - AWSCore (= 2.3.3)
  - CRToast (0.0.7)
  - FLAnimatedImage (1.0.10)
  - Masonry (0.6.2)
  - Mixpanel (2.7.2):
    - Mixpanel/MPCategoryHelpers (= 2.7.2)
  - Mixpanel/MPCategoryHelpers (2.7.2)
  - MJPopupViewController (0.4)
  - SDWebImage (3.7.1):
    - SDWebImage/Core (= 3.7.1)
  - SDWebImage/Core (3.7.1)
  - SHSPhoneComponent (2.15)
  - StreamingKit (0.1.25)
  - UIAlertView+Blocks (0.9)

DEPENDENCIES:
  - AFNetworking (~> 2.5.0)
  - AWSiOSSDKv2 (~> 2.1)
  - CRToast (~> 0.0.7)
  - FLAnimatedImage (~> 1.0)
  - Masonry
  - Mixpanel
  - MJPopupViewController (~> 0.4)
  - SDWebImage (~> 3.7.1)
  - SHSPhoneComponent (~> 2.15)
  - StreamingKit (from `https://github.com/danberenholtz/StreamingKit.git`)
  - UIAlertView+Blocks

EXTERNAL SOURCES:
  StreamingKit:
    :git: https://github.com/danberenholtz/StreamingKit.git

CHECKOUT OPTIONS:
  StreamingKit:
    :commit: c07c191d88b48febe237e86427643f6a9271a66e
    :git: https://github.com/danberenholtz/StreamingKit.git

SPEC CHECKSUMS:
  AFNetworking: 96ac9bf3eda33582701cb1fcc5b896aa1e20311e
  AWSAutoScaling: effea7f5902b3c7536fdbc85a169f7a4e4dcbbbc
  AWSCloudWatch: 9349044542bc21b71082c5b62210b88ce882c6f5
  AWSCore: b12704516e21ed34cfe7547e07ab945b079d1f56
  AWSDynamoDB: daa28bee19a48bf8f3cf2d9155f142975593f18f
  AWSEC2: b468c03ef1d78919d622759cb3419568877d6f45
  AWSElasticLoadBalancing: 215e17af5dd038f14ff13065e5935eff67263fd9
  AWSiOSSDKv2: c7820043b915274c8f5a15acd9ee08aed0eff1f3
  AWSKinesis: 62ac732526a31558b0800bd2bf05c7f6390a9040
  AWSMobileAnalytics: 4deace80ad43ac9a20127bc83dd6bccd19d05835
  AWSS3: 675f59e0c338e61441117f03018187b9deb359c4
  AWSSES: 899c851127cdc1837749692dc90c28785713fdee
  AWSSimpleDB: ba3c2c2d3e8503afcb41c1253f0ed35418a21188
  AWSSNS: d6b874e95c1b9795085bd8e5c9aa0f205a7cbe23
  AWSSQS: 6b150bbdc971582104ddc1f8660581ff9e21a762
  CRToast: 99a28f4387def43b439ad88f957ce31357ff7373
  FLAnimatedImage: e16a1e1cef08e4c509b47e4acbe3923f65c16135
  Masonry: 362e8a1cc0beada4a4c4832d5e863da2a51533be
  Mixpanel: e9bcb16eb0e2a98fc330ceeb0d8b7f4aec4182ab
  MJPopupViewController: e9ad553a3145eb8126ba2748e872ae7fb25cc605
  SDWebImage: ed3095af2ff88b436426037444979b917f6c5575
  SHSPhoneComponent: 4cec0653a150ad63cbc52b0c8b29ce2d3c9c26f0
  StreamingKit: f00c054cfd0f59d88c8be7a2270e208302ce48c4
  UIAlertView+Blocks: a46c99c5144f6c5dbc7d62fd2a0678daceec89a3

COCOAPODS: 0.39.0
