// !$*UTF8*$!
{
	archiveVersion = 1;
	classes = {
	};
	objectVersion = 46;
	objects = {

/* Begin PBXBuildFile section */
		371C2C8A19BCF73800FDA390 /* AddressBook.framework in Frameworks */ = {isa = PBXBuildFile; fileRef = 371C2C8819BCF73800FDA390 /* AddressBook.framework */; };
		371C2C8B19BCF73800FDA390 /* AddressBookUI.framework in Frameworks */ = {isa = PBXBuildFile; fileRef = 371C2C8919BCF73800FDA390 /* AddressBookUI.framework */; };
		374383E019CE29880009C323 /* EnterPhoneNumberViewController.m in Sources */ = {isa = PBXBuildFile; fileRef = 374383DF19CE29880009C323 /* EnterPhoneNumberViewController.m */; };
		374383E519CE2DCA0009C323 /* EnterCodeViewController.m in Sources */ = {isa = PBXBuildFile; fileRef = 374383E419CE2DCA0009C323 /* EnterCodeViewController.m */; };
		374383E919CE323B0009C323 /* LandingPageViewController.m in Sources */ = {isa = PBXBuildFile; fileRef = 374383E819CE323B0009C323 /* LandingPageViewController.m */; };
		3753AF8919E9A4D000B6391D /* Microphone_White2.png in Resources */ = {isa = PBXBuildFile; fileRef = 3753AF8819E9A4D000B6391D /* Microphone_White2.png */; };
		3753AF8B19E9A68200B6391D /* YapsButtonRed.png in Resources */ = {isa = PBXBuildFile; fileRef = 3753AF8A19E9A68200B6391D /* YapsButtonRed.png */; };
		3753AF8D19E9C55400B6391D /* RedArrow@2x.png in Resources */ = {isa = PBXBuildFile; fileRef = 3753AF8C19E9C55400B6391D /* RedArrow@2x.png */; };
		3753AF8F19E9C65300B6391D /* RedArrowBackward@2x.png in Resources */ = {isa = PBXBuildFile; fileRef = 3753AF8E19E9C65300B6391D /* RedArrowBackward@2x.png */; };
		3753AF9119E9C94800B6391D /* BlueArrow@2x.png in Resources */ = {isa = PBXBuildFile; fileRef = 3753AF9019E9C94800B6391D /* BlueArrow@2x.png */; };
		3753AF9319E9CAEC00B6391D /* Replay@2x.png in Resources */ = {isa = PBXBuildFile; fileRef = 3753AF9219E9CAEC00B6391D /* Replay@2x.png */; };
		37695E5F19BB7A2500C22E13 /* RecordButtonBlue.png in Resources */ = {isa = PBXBuildFile; fileRef = 37695E5E19BB7A2500C22E13 /* RecordButtonBlue.png */; };
		37695E6119BB86A700C22E13 /* RecordButtonRed.png in Resources */ = {isa = PBXBuildFile; fileRef = 37695E6019BB86A700C22E13 /* RecordButtonRed.png */; };
		37695E6319BB97EA00C22E13 /* Arrow.png in Resources */ = {isa = PBXBuildFile; fileRef = 37695E6219BB97EA00C22E13 /* Arrow.png */; };
		37695E6519BB98DD00C22E13 /* CancelImage2.png in Resources */ = {isa = PBXBuildFile; fileRef = 37695E6419BB98DD00C22E13 /* CancelImage2.png */; };
		37695E6B19BBC06300C22E13 /* CancelImage.png in Resources */ = {isa = PBXBuildFile; fileRef = 37695E6A19BBC06300C22E13 /* CancelImage.png */; };
		37695E6E19BBC78F00C22E13 /* JEProgressView.m in Sources */ = {isa = PBXBuildFile; fileRef = 37695E6D19BBC78F00C22E13 /* JEProgressView.m */; };
		37695E7219BBC97900C22E13 /* ProgressViewBackgroundBlue.png in Resources */ = {isa = PBXBuildFile; fileRef = 37695E7119BBC97900C22E13 /* ProgressViewBackgroundBlue.png */; };
		37695E7419BBC9DE00C22E13 /* ProgressViewBackgroundRed.png in Resources */ = {isa = PBXBuildFile; fileRef = 37695E7319BBC9DE00C22E13 /* ProgressViewBackgroundRed.png */; };
		378191D419E59B4A006EF98F /* API.m in Sources */ = {isa = PBXBuildFile; fileRef = 378191D319E59B4A006EF98F /* API.m */; };
		378FD61219BDF45C007F3224 /* CheckWhite.png in Resources */ = {isa = PBXBuildFile; fileRef = 378FD61119BDF45C007F3224 /* CheckWhite.png */; };
		3793FDF419BCEF5700FBBBCE /* ContactsViewController.m in Sources */ = {isa = PBXBuildFile; fileRef = 3793FDF319BCEF5700FBBBCE /* ContactsViewController.m */; };
		3793FDF819BCF0DC00FBBBCE /* ContactSelectionCell.m in Sources */ = {isa = PBXBuildFile; fileRef = 3793FDF619BCF0DC00FBBBCE /* ContactSelectionCell.m */; };
		3793FDF919BCF0DC00FBBBCE /* ContactSelectionCell.xib in Resources */ = {isa = PBXBuildFile; fileRef = 3793FDF719BCF0DC00FBBBCE /* ContactSelectionCell.xib */; };
		3793FDFC19BCF11E00FBBBCE /* UIViewController+Communication.m in Sources */ = {isa = PBXBuildFile; fileRef = 3793FDFB19BCF11E00FBBBCE /* UIViewController+Communication.m */; };
		3793FDFF19BCF16B00FBBBCE /* PhoneContact.m in Sources */ = {isa = PBXBuildFile; fileRef = 3793FDFE19BCF16B00FBBBCE /* PhoneContact.m */; };
		3799501819E9C8070086711F /* Global.m in Sources */ = {isa = PBXBuildFile; fileRef = 3799501719E9C8070086711F /* Global.m */; };
		37BF0DDA19E8F9D60077B74F /* Microphone_White.png in Resources */ = {isa = PBXBuildFile; fileRef = 37BF0DD919E8F9D60077B74F /* Microphone_White.png */; };
		37BF0DDF19E8FCF70077B74F /* YapsViewController.m in Sources */ = {isa = PBXBuildFile; fileRef = 37BF0DDE19E8FCF70077B74F /* YapsViewController.m */; };
		37BF0DEB19E912D00077B74F /* airplane@2x.png in Resources */ = {isa = PBXBuildFile; fileRef = 37BF0DEA19E912D00077B74F /* airplane@2x.png */; };
		37BF0DED19E9164C0077B74F /* RedCircleIcon@2x.png in Resources */ = {isa = PBXBuildFile; fileRef = 37BF0DEC19E9164C0077B74F /* RedCircleIcon@2x.png */; };
		37BF0DEF19E917F80077B74F /* MicrophoneSmall@2x.png in Resources */ = {isa = PBXBuildFile; fileRef = 37BF0DEE19E917F80077B74F /* MicrophoneSmall@2x.png */; };
		37C3746B19BC4A8E001A1D02 /* MBProgressHUD.m in Sources */ = {isa = PBXBuildFile; fileRef = 37C3746A19BC4A8E001A1D02 /* MBProgressHUD.m */; };
		37D20C2819E4A064008530BF /* ProgressViewBackgroundLightBlue.png in Resources */ = {isa = PBXBuildFile; fileRef = 37D20C2719E4A064008530BF /* ProgressViewBackgroundLightBlue.png */; };
		37D20C2A19E4A0E5008530BF /* ProgressViewBackgroundWhite.png in Resources */ = {isa = PBXBuildFile; fileRef = 37D20C2919E4A0E5008530BF /* ProgressViewBackgroundWhite.png */; };
		37D20C2C19E4A19D008530BF /* RecordButtonRedWhiteBorder.png in Resources */ = {isa = PBXBuildFile; fileRef = 37D20C2B19E4A19D008530BF /* RecordButtonRedWhiteBorder.png */; };
		37D20C2E19E4A2B3008530BF /* CancelImageWhite.png in Resources */ = {isa = PBXBuildFile; fileRef = 37D20C2D19E4A2B3008530BF /* CancelImageWhite.png */; };
		37D413BD19D21A1F00021548 /* BButton.m in Sources */ = {isa = PBXBuildFile; fileRef = 37D413B619D21A1E00021548 /* BButton.m */; };
		37D413BE19D21A1F00021548 /* NSString+FontAwesome.m in Sources */ = {isa = PBXBuildFile; fileRef = 37D413B819D21A1E00021548 /* NSString+FontAwesome.m */; };
		37D413BF19D21A1F00021548 /* FontAwesome.ttf in Resources */ = {isa = PBXBuildFile; fileRef = 37D413BA19D21A1F00021548 /* FontAwesome.ttf */; };
		37D413C019D21A1F00021548 /* UIColor+BButton.m in Sources */ = {isa = PBXBuildFile; fileRef = 37D413BC19D21A1F00021548 /* UIColor+BButton.m */; };
		37D413C219D21FC300021548 /* RedCircleSmall.png in Resources */ = {isa = PBXBuildFile; fileRef = 37D413C119D21FC300021548 /* RedCircleSmall.png */; };
		37D413C619D2235C00021548 /* Images.xcassets in Resources */ = {isa = PBXBuildFile; fileRef = 37D413C519D2235C00021548 /* Images.xcassets */; };
		37D413CA19D22B5E00021548 /* EnterNameViewController.m in Sources */ = {isa = PBXBuildFile; fileRef = 37D413C919D22B5E00021548 /* EnterNameViewController.m */; };
		37D413CC19D230D000021548 /* ArrowWhite.png in Resources */ = {isa = PBXBuildFile; fileRef = 37D413CB19D230D000021548 /* ArrowWhite.png */; };
		37D71F791A40B26E00267B7A /* SpotifyLogo@2x.png in Resources */ = {isa = PBXBuildFile; fileRef = 37D71F781A40B26E00267B7A /* SpotifyLogo@2x.png */; };
		C1A8A28BEEE98012F2950D09 /* libPods-YapSnap.a in Frameworks */ = {isa = PBXBuildFile; fileRef = 98C8F94496586F87E59A61FD /* libPods-YapSnap.a */; };
		F44B0C4316DA404700E6CD88 /* UIKit.framework in Frameworks */ = {isa = PBXBuildFile; fileRef = F44B0C4216DA404700E6CD88 /* UIKit.framework */; };
		F44B0C4516DA404700E6CD88 /* Foundation.framework in Frameworks */ = {isa = PBXBuildFile; fileRef = F44B0C4416DA404700E6CD88 /* Foundation.framework */; };
		F44B0C4716DA404700E6CD88 /* CoreGraphics.framework in Frameworks */ = {isa = PBXBuildFile; fileRef = F44B0C4616DA404700E6CD88 /* CoreGraphics.framework */; };
		F44B0C4D16DA404700E6CD88 /* InfoPlist.strings in Resources */ = {isa = PBXBuildFile; fileRef = F44B0C4B16DA404700E6CD88 /* InfoPlist.strings */; };
		F44B0C4F16DA404700E6CD88 /* main.m in Sources */ = {isa = PBXBuildFile; fileRef = F44B0C4E16DA404700E6CD88 /* main.m */; };
		F44B0C5316DA404700E6CD88 /* AppDelegate.m in Sources */ = {isa = PBXBuildFile; fileRef = F44B0C5216DA404700E6CD88 /* AppDelegate.m */; };
		F44B0C5516DA404700E6CD88 /* Default.png in Resources */ = {isa = PBXBuildFile; fileRef = F44B0C5416DA404700E6CD88 /* Default.png */; };
		F44B0C5716DA404700E6CD88 /* Default@2x.png in Resources */ = {isa = PBXBuildFile; fileRef = F44B0C5616DA404700E6CD88 /* Default@2x.png */; };
		F44B0C5916DA404700E6CD88 /* Default-568h@2x.png in Resources */ = {isa = PBXBuildFile; fileRef = F44B0C5816DA404700E6CD88 /* Default-568h@2x.png */; };
		F44B0C5C16DA404700E6CD88 /* MainStoryboard.storyboard in Resources */ = {isa = PBXBuildFile; fileRef = F44B0C5A16DA404700E6CD88 /* MainStoryboard.storyboard */; };
		F44B0C5F16DA404700E6CD88 /* AudioCaptureViewController.m in Sources */ = {isa = PBXBuildFile; fileRef = F44B0C5E16DA404700E6CD88 /* AudioCaptureViewController.m */; };
		F44B0C6616DD09D900E6CD88 /* AVFoundation.framework in Frameworks */ = {isa = PBXBuildFile; fileRef = F44B0C6516DD09D900E6CD88 /* AVFoundation.framework */; };
		FC0C1D461A45F41600B148AB /* YSAudioSourceController.m in Sources */ = {isa = PBXBuildFile; fileRef = FC0C1D451A45F41600B148AB /* YSAudioSourceController.m */; };
		FC0C1D491A45F79000B148AB /* YSSpotifySourceController.m in Sources */ = {isa = PBXBuildFile; fileRef = FC0C1D481A45F79000B148AB /* YSSpotifySourceController.m */; };
		FC0C1D4C1A45F98500B148AB /* YSMicSourceController.m in Sources */ = {isa = PBXBuildFile; fileRef = FC0C1D4B1A45F98500B148AB /* YSMicSourceController.m */; };
		FC1E89B81A4B852C007A8CDA /* SpotifyTrackView.m in Sources */ = {isa = PBXBuildFile; fileRef = FC1E89B71A4B852C007A8CDA /* SpotifyTrackView.m */; };
		FC609BC31A3CC24500182F08 /* SpotifyAPI.m in Sources */ = {isa = PBXBuildFile; fileRef = FC609BC21A3CC24500182F08 /* SpotifyAPI.m */; };
		FC80F3D11A3CC6BD00F7ABD0 /* YSTrack.m in Sources */ = {isa = PBXBuildFile; fileRef = FC80F3D01A3CC6BD00F7ABD0 /* YSTrack.m */; };
/* End PBXBuildFile section */

/* Begin PBXFileReference section */
		371C2C8819BCF73800FDA390 /* AddressBook.framework */ = {isa = PBXFileReference; lastKnownFileType = wrapper.framework; name = AddressBook.framework; path = System/Library/Frameworks/AddressBook.framework; sourceTree = SDKROOT; };
		371C2C8919BCF73800FDA390 /* AddressBookUI.framework */ = {isa = PBXFileReference; lastKnownFileType = wrapper.framework; name = AddressBookUI.framework; path = System/Library/Frameworks/AddressBookUI.framework; sourceTree = SDKROOT; };
		374383DE19CE29880009C323 /* EnterPhoneNumberViewController.h */ = {isa = PBXFileReference; fileEncoding = 4; lastKnownFileType = sourcecode.c.h; path = EnterPhoneNumberViewController.h; sourceTree = "<group>"; };
		374383DF19CE29880009C323 /* EnterPhoneNumberViewController.m */ = {isa = PBXFileReference; fileEncoding = 4; lastKnownFileType = sourcecode.c.objc; path = EnterPhoneNumberViewController.m; sourceTree = "<group>"; };
		374383E319CE2DCA0009C323 /* EnterCodeViewController.h */ = {isa = PBXFileReference; fileEncoding = 4; lastKnownFileType = sourcecode.c.h; path = EnterCodeViewController.h; sourceTree = "<group>"; };
		374383E419CE2DCA0009C323 /* EnterCodeViewController.m */ = {isa = PBXFileReference; fileEncoding = 4; lastKnownFileType = sourcecode.c.objc; path = EnterCodeViewController.m; sourceTree = "<group>"; };
		374383E719CE323B0009C323 /* LandingPageViewController.h */ = {isa = PBXFileReference; fileEncoding = 4; lastKnownFileType = sourcecode.c.h; path = LandingPageViewController.h; sourceTree = "<group>"; };
		374383E819CE323B0009C323 /* LandingPageViewController.m */ = {isa = PBXFileReference; fileEncoding = 4; lastKnownFileType = sourcecode.c.objc; path = LandingPageViewController.m; sourceTree = "<group>"; };
		3753AF8819E9A4D000B6391D /* Microphone_White2.png */ = {isa = PBXFileReference; lastKnownFileType = image.png; path = Microphone_White2.png; sourceTree = "<group>"; };
		3753AF8A19E9A68200B6391D /* YapsButtonRed.png */ = {isa = PBXFileReference; lastKnownFileType = image.png; path = YapsButtonRed.png; sourceTree = "<group>"; };
		3753AF8C19E9C55400B6391D /* RedArrow@2x.png */ = {isa = PBXFileReference; lastKnownFileType = image.png; path = "RedArrow@2x.png"; sourceTree = "<group>"; };
		3753AF8E19E9C65300B6391D /* RedArrowBackward@2x.png */ = {isa = PBXFileReference; lastKnownFileType = image.png; path = "RedArrowBackward@2x.png"; sourceTree = "<group>"; };
		3753AF9019E9C94800B6391D /* BlueArrow@2x.png */ = {isa = PBXFileReference; lastKnownFileType = image.png; path = "BlueArrow@2x.png"; sourceTree = "<group>"; };
		3753AF9219E9CAEC00B6391D /* Replay@2x.png */ = {isa = PBXFileReference; lastKnownFileType = image.png; path = "Replay@2x.png"; sourceTree = "<group>"; };
		37695E5E19BB7A2500C22E13 /* RecordButtonBlue.png */ = {isa = PBXFileReference; lastKnownFileType = image.png; path = RecordButtonBlue.png; sourceTree = "<group>"; };
		37695E6019BB86A700C22E13 /* RecordButtonRed.png */ = {isa = PBXFileReference; lastKnownFileType = image.png; path = RecordButtonRed.png; sourceTree = "<group>"; };
		37695E6219BB97EA00C22E13 /* Arrow.png */ = {isa = PBXFileReference; lastKnownFileType = image.png; path = Arrow.png; sourceTree = "<group>"; };
		37695E6419BB98DD00C22E13 /* CancelImage2.png */ = {isa = PBXFileReference; lastKnownFileType = image.png; path = CancelImage2.png; sourceTree = "<group>"; };
		37695E6A19BBC06300C22E13 /* CancelImage.png */ = {isa = PBXFileReference; lastKnownFileType = image.png; path = CancelImage.png; sourceTree = "<group>"; };
		37695E6C19BBC78F00C22E13 /* JEProgressView.h */ = {isa = PBXFileReference; fileEncoding = 4; lastKnownFileType = sourcecode.c.h; path = JEProgressView.h; sourceTree = "<group>"; };
		37695E6D19BBC78F00C22E13 /* JEProgressView.m */ = {isa = PBXFileReference; fileEncoding = 4; lastKnownFileType = sourcecode.c.objc; path = JEProgressView.m; sourceTree = "<group>"; };
		37695E7119BBC97900C22E13 /* ProgressViewBackgroundBlue.png */ = {isa = PBXFileReference; lastKnownFileType = image.png; path = ProgressViewBackgroundBlue.png; sourceTree = "<group>"; };
		37695E7319BBC9DE00C22E13 /* ProgressViewBackgroundRed.png */ = {isa = PBXFileReference; lastKnownFileType = image.png; path = ProgressViewBackgroundRed.png; sourceTree = "<group>"; };
		378191D219E59B4A006EF98F /* API.h */ = {isa = PBXFileReference; fileEncoding = 4; lastKnownFileType = sourcecode.c.h; path = API.h; sourceTree = "<group>"; };
		378191D319E59B4A006EF98F /* API.m */ = {isa = PBXFileReference; fileEncoding = 4; lastKnownFileType = sourcecode.c.objc; path = API.m; sourceTree = "<group>"; };
		378FD61119BDF45C007F3224 /* CheckWhite.png */ = {isa = PBXFileReference; lastKnownFileType = image.png; path = CheckWhite.png; sourceTree = "<group>"; };
		3793FDF219BCEF5700FBBBCE /* ContactsViewController.h */ = {isa = PBXFileReference; fileEncoding = 4; lastKnownFileType = sourcecode.c.h; path = ContactsViewController.h; sourceTree = "<group>"; };
		3793FDF319BCEF5700FBBBCE /* ContactsViewController.m */ = {isa = PBXFileReference; fileEncoding = 4; lastKnownFileType = sourcecode.c.objc; path = ContactsViewController.m; sourceTree = "<group>"; };
		3793FDF519BCF0DC00FBBBCE /* ContactSelectionCell.h */ = {isa = PBXFileReference; fileEncoding = 4; lastKnownFileType = sourcecode.c.h; path = ContactSelectionCell.h; sourceTree = "<group>"; };
		3793FDF619BCF0DC00FBBBCE /* ContactSelectionCell.m */ = {isa = PBXFileReference; fileEncoding = 4; lastKnownFileType = sourcecode.c.objc; path = ContactSelectionCell.m; sourceTree = "<group>"; };
		3793FDF719BCF0DC00FBBBCE /* ContactSelectionCell.xib */ = {isa = PBXFileReference; fileEncoding = 4; lastKnownFileType = file.xib; path = ContactSelectionCell.xib; sourceTree = "<group>"; };
		3793FDFA19BCF11E00FBBBCE /* UIViewController+Communication.h */ = {isa = PBXFileReference; fileEncoding = 4; lastKnownFileType = sourcecode.c.h; path = "UIViewController+Communication.h"; sourceTree = "<group>"; };
		3793FDFB19BCF11E00FBBBCE /* UIViewController+Communication.m */ = {isa = PBXFileReference; fileEncoding = 4; lastKnownFileType = sourcecode.c.objc; path = "UIViewController+Communication.m"; sourceTree = "<group>"; };
		3793FDFD19BCF16B00FBBBCE /* PhoneContact.h */ = {isa = PBXFileReference; fileEncoding = 4; lastKnownFileType = sourcecode.c.h; path = PhoneContact.h; sourceTree = "<group>"; };
		3793FDFE19BCF16B00FBBBCE /* PhoneContact.m */ = {isa = PBXFileReference; fileEncoding = 4; lastKnownFileType = sourcecode.c.objc; path = PhoneContact.m; sourceTree = "<group>"; };
		3799501619E9C8070086711F /* Global.h */ = {isa = PBXFileReference; fileEncoding = 4; lastKnownFileType = sourcecode.c.h; path = Global.h; sourceTree = "<group>"; };
		3799501719E9C8070086711F /* Global.m */ = {isa = PBXFileReference; fileEncoding = 4; lastKnownFileType = sourcecode.c.objc; path = Global.m; sourceTree = "<group>"; };
		37BF0DD919E8F9D60077B74F /* Microphone_White.png */ = {isa = PBXFileReference; lastKnownFileType = image.png; path = Microphone_White.png; sourceTree = "<group>"; };
		37BF0DDD19E8FCF70077B74F /* YapsViewController.h */ = {isa = PBXFileReference; fileEncoding = 4; lastKnownFileType = sourcecode.c.h; path = YapsViewController.h; sourceTree = "<group>"; };
		37BF0DDE19E8FCF70077B74F /* YapsViewController.m */ = {isa = PBXFileReference; fileEncoding = 4; lastKnownFileType = sourcecode.c.objc; path = YapsViewController.m; sourceTree = "<group>"; };
		37BF0DEA19E912D00077B74F /* airplane@2x.png */ = {isa = PBXFileReference; lastKnownFileType = image.png; path = "airplane@2x.png"; sourceTree = "<group>"; };
		37BF0DEC19E9164C0077B74F /* RedCircleIcon@2x.png */ = {isa = PBXFileReference; lastKnownFileType = image.png; path = "RedCircleIcon@2x.png"; sourceTree = "<group>"; };
		37BF0DEE19E917F80077B74F /* MicrophoneSmall@2x.png */ = {isa = PBXFileReference; lastKnownFileType = image.png; path = "MicrophoneSmall@2x.png"; sourceTree = "<group>"; };
		37C3746919BC4A8E001A1D02 /* MBProgressHUD.h */ = {isa = PBXFileReference; fileEncoding = 4; lastKnownFileType = sourcecode.c.h; path = MBProgressHUD.h; sourceTree = "<group>"; };
		37C3746A19BC4A8E001A1D02 /* MBProgressHUD.m */ = {isa = PBXFileReference; fileEncoding = 4; lastKnownFileType = sourcecode.c.objc; path = MBProgressHUD.m; sourceTree = "<group>"; };
		37D20C2719E4A064008530BF /* ProgressViewBackgroundLightBlue.png */ = {isa = PBXFileReference; lastKnownFileType = image.png; path = ProgressViewBackgroundLightBlue.png; sourceTree = "<group>"; };
		37D20C2919E4A0E5008530BF /* ProgressViewBackgroundWhite.png */ = {isa = PBXFileReference; lastKnownFileType = image.png; path = ProgressViewBackgroundWhite.png; sourceTree = "<group>"; };
		37D20C2B19E4A19D008530BF /* RecordButtonRedWhiteBorder.png */ = {isa = PBXFileReference; lastKnownFileType = image.png; path = RecordButtonRedWhiteBorder.png; sourceTree = "<group>"; };
		37D20C2D19E4A2B3008530BF /* CancelImageWhite.png */ = {isa = PBXFileReference; lastKnownFileType = image.png; path = CancelImageWhite.png; sourceTree = "<group>"; };
		37D413B319D2180600021548 /* FuturaStd-Medium.ttf */ = {isa = PBXFileReference; lastKnownFileType = file; path = "FuturaStd-Medium.ttf"; sourceTree = "<group>"; };
		37D413B519D21A1E00021548 /* BButton.h */ = {isa = PBXFileReference; fileEncoding = 4; lastKnownFileType = sourcecode.c.h; path = BButton.h; sourceTree = "<group>"; };
		37D413B619D21A1E00021548 /* BButton.m */ = {isa = PBXFileReference; fileEncoding = 4; lastKnownFileType = sourcecode.c.objc; path = BButton.m; sourceTree = "<group>"; };
		37D413B719D21A1E00021548 /* NSString+FontAwesome.h */ = {isa = PBXFileReference; fileEncoding = 4; lastKnownFileType = sourcecode.c.h; path = "NSString+FontAwesome.h"; sourceTree = "<group>"; };
		37D413B819D21A1E00021548 /* NSString+FontAwesome.m */ = {isa = PBXFileReference; fileEncoding = 4; lastKnownFileType = sourcecode.c.objc; path = "NSString+FontAwesome.m"; sourceTree = "<group>"; };
		37D413BA19D21A1F00021548 /* FontAwesome.ttf */ = {isa = PBXFileReference; lastKnownFileType = file; path = FontAwesome.ttf; sourceTree = "<group>"; };
		37D413BB19D21A1F00021548 /* UIColor+BButton.h */ = {isa = PBXFileReference; fileEncoding = 4; lastKnownFileType = sourcecode.c.h; path = "UIColor+BButton.h"; sourceTree = "<group>"; };
		37D413BC19D21A1F00021548 /* UIColor+BButton.m */ = {isa = PBXFileReference; fileEncoding = 4; lastKnownFileType = sourcecode.c.objc; path = "UIColor+BButton.m"; sourceTree = "<group>"; };
		37D413C119D21FC300021548 /* RedCircleSmall.png */ = {isa = PBXFileReference; lastKnownFileType = image.png; path = RedCircleSmall.png; sourceTree = "<group>"; };
		37D413C319D221C800021548 /* YapSnap App Icon.png */ = {isa = PBXFileReference; lastKnownFileType = image.png; path = "YapSnap App Icon.png"; sourceTree = "<group>"; };
		37D413C419D2229A00021548 /* YapSnap App Icon 114.png */ = {isa = PBXFileReference; lastKnownFileType = image.png; path = "YapSnap App Icon 114.png"; sourceTree = "<group>"; };
		37D413C519D2235C00021548 /* Images.xcassets */ = {isa = PBXFileReference; lastKnownFileType = folder.assetcatalog; name = Images.xcassets; path = YapSnap/Images.xcassets; sourceTree = SOURCE_ROOT; };
		37D413C819D22B5E00021548 /* EnterNameViewController.h */ = {isa = PBXFileReference; fileEncoding = 4; lastKnownFileType = sourcecode.c.h; path = EnterNameViewController.h; sourceTree = "<group>"; };
		37D413C919D22B5E00021548 /* EnterNameViewController.m */ = {isa = PBXFileReference; fileEncoding = 4; lastKnownFileType = sourcecode.c.objc; path = EnterNameViewController.m; sourceTree = "<group>"; };
		37D413CB19D230D000021548 /* ArrowWhite.png */ = {isa = PBXFileReference; lastKnownFileType = image.png; path = ArrowWhite.png; sourceTree = "<group>"; };
		37D71F781A40B26E00267B7A /* SpotifyLogo@2x.png */ = {isa = PBXFileReference; lastKnownFileType = image.png; path = "SpotifyLogo@2x.png"; sourceTree = "<group>"; };
		37E122E51A4011560073684D /* QuartzCore.framework */ = {isa = PBXFileReference; lastKnownFileType = wrapper.framework; name = QuartzCore.framework; path = System/Library/Frameworks/QuartzCore.framework; sourceTree = SDKROOT; };
		7DBB580EF15910507DC95A1F /* Pods-YapSnap.debug.xcconfig */ = {isa = PBXFileReference; includeInIndex = 1; lastKnownFileType = text.xcconfig; name = "Pods-YapSnap.debug.xcconfig"; path = "Pods/Target Support Files/Pods-YapSnap/Pods-YapSnap.debug.xcconfig"; sourceTree = "<group>"; };
		98C8F94496586F87E59A61FD /* libPods-YapSnap.a */ = {isa = PBXFileReference; explicitFileType = archive.ar; includeInIndex = 0; path = "libPods-YapSnap.a"; sourceTree = BUILT_PRODUCTS_DIR; };
		CA961E944F5B46EDE7E7229C /* Pods-YapSnap.release.xcconfig */ = {isa = PBXFileReference; includeInIndex = 1; lastKnownFileType = text.xcconfig; name = "Pods-YapSnap.release.xcconfig"; path = "Pods/Target Support Files/Pods-YapSnap/Pods-YapSnap.release.xcconfig"; sourceTree = "<group>"; };
		F44B0C3F16DA404700E6CD88 /* YapSnap.app */ = {isa = PBXFileReference; explicitFileType = wrapper.application; includeInIndex = 0; path = YapSnap.app; sourceTree = BUILT_PRODUCTS_DIR; };
		F44B0C4216DA404700E6CD88 /* UIKit.framework */ = {isa = PBXFileReference; lastKnownFileType = wrapper.framework; name = UIKit.framework; path = System/Library/Frameworks/UIKit.framework; sourceTree = SDKROOT; };
		F44B0C4416DA404700E6CD88 /* Foundation.framework */ = {isa = PBXFileReference; lastKnownFileType = wrapper.framework; name = Foundation.framework; path = System/Library/Frameworks/Foundation.framework; sourceTree = SDKROOT; };
		F44B0C4616DA404700E6CD88 /* CoreGraphics.framework */ = {isa = PBXFileReference; lastKnownFileType = wrapper.framework; name = CoreGraphics.framework; path = System/Library/Frameworks/CoreGraphics.framework; sourceTree = SDKROOT; };
		F44B0C4A16DA404700E6CD88 /* YapSnap-Info.plist */ = {isa = PBXFileReference; lastKnownFileType = text.plist.xml; path = "YapSnap-Info.plist"; sourceTree = "<group>"; };
		F44B0C4C16DA404700E6CD88 /* en */ = {isa = PBXFileReference; lastKnownFileType = text.plist.strings; name = en; path = en.lproj/InfoPlist.strings; sourceTree = "<group>"; };
		F44B0C4E16DA404700E6CD88 /* main.m */ = {isa = PBXFileReference; lastKnownFileType = sourcecode.c.objc; path = main.m; sourceTree = "<group>"; };
		F44B0C5016DA404700E6CD88 /* YapSnap-Prefix.pch */ = {isa = PBXFileReference; lastKnownFileType = sourcecode.c.h; path = "YapSnap-Prefix.pch"; sourceTree = "<group>"; };
		F44B0C5116DA404700E6CD88 /* AppDelegate.h */ = {isa = PBXFileReference; lastKnownFileType = sourcecode.c.h; path = AppDelegate.h; sourceTree = "<group>"; };
		F44B0C5216DA404700E6CD88 /* AppDelegate.m */ = {isa = PBXFileReference; lastKnownFileType = sourcecode.c.objc; path = AppDelegate.m; sourceTree = "<group>"; };
		F44B0C5416DA404700E6CD88 /* Default.png */ = {isa = PBXFileReference; lastKnownFileType = image.png; path = Default.png; sourceTree = "<group>"; };
		F44B0C5616DA404700E6CD88 /* Default@2x.png */ = {isa = PBXFileReference; lastKnownFileType = image.png; path = "Default@2x.png"; sourceTree = "<group>"; };
		F44B0C5816DA404700E6CD88 /* Default-568h@2x.png */ = {isa = PBXFileReference; lastKnownFileType = image.png; path = "Default-568h@2x.png"; sourceTree = "<group>"; };
		F44B0C5B16DA404700E6CD88 /* en */ = {isa = PBXFileReference; lastKnownFileType = file.storyboard; name = en; path = en.lproj/MainStoryboard.storyboard; sourceTree = "<group>"; };
		F44B0C5D16DA404700E6CD88 /* AudioCaptureViewController.h */ = {isa = PBXFileReference; lastKnownFileType = sourcecode.c.h; path = AudioCaptureViewController.h; sourceTree = "<group>"; };
		F44B0C5E16DA404700E6CD88 /* AudioCaptureViewController.m */ = {isa = PBXFileReference; lastKnownFileType = sourcecode.c.objc; path = AudioCaptureViewController.m; sourceTree = "<group>"; };
		F44B0C6516DD09D900E6CD88 /* AVFoundation.framework */ = {isa = PBXFileReference; lastKnownFileType = wrapper.framework; name = AVFoundation.framework; path = System/Library/Frameworks/AVFoundation.framework; sourceTree = SDKROOT; };
		FC0C1D441A45F41600B148AB /* YSAudioSourceController.h */ = {isa = PBXFileReference; fileEncoding = 4; lastKnownFileType = sourcecode.c.h; path = YSAudioSourceController.h; sourceTree = "<group>"; };
		FC0C1D451A45F41600B148AB /* YSAudioSourceController.m */ = {isa = PBXFileReference; fileEncoding = 4; lastKnownFileType = sourcecode.c.objc; path = YSAudioSourceController.m; sourceTree = "<group>"; };
		FC0C1D471A45F79000B148AB /* YSSpotifySourceController.h */ = {isa = PBXFileReference; fileEncoding = 4; lastKnownFileType = sourcecode.c.h; path = YSSpotifySourceController.h; sourceTree = "<group>"; };
		FC0C1D481A45F79000B148AB /* YSSpotifySourceController.m */ = {isa = PBXFileReference; fileEncoding = 4; lastKnownFileType = sourcecode.c.objc; path = YSSpotifySourceController.m; sourceTree = "<group>"; };
		FC0C1D4A1A45F98500B148AB /* YSMicSourceController.h */ = {isa = PBXFileReference; fileEncoding = 4; lastKnownFileType = sourcecode.c.h; path = YSMicSourceController.h; sourceTree = "<group>"; };
		FC0C1D4B1A45F98500B148AB /* YSMicSourceController.m */ = {isa = PBXFileReference; fileEncoding = 4; lastKnownFileType = sourcecode.c.objc; path = YSMicSourceController.m; sourceTree = "<group>"; };
		FC1E89B61A4B852C007A8CDA /* SpotifyTrackView.h */ = {isa = PBXFileReference; fileEncoding = 4; lastKnownFileType = sourcecode.c.h; path = SpotifyTrackView.h; sourceTree = "<group>"; };
		FC1E89B71A4B852C007A8CDA /* SpotifyTrackView.m */ = {isa = PBXFileReference; fileEncoding = 4; lastKnownFileType = sourcecode.c.objc; path = SpotifyTrackView.m; sourceTree = "<group>"; };
		FC609BC11A3CC24500182F08 /* SpotifyAPI.h */ = {isa = PBXFileReference; fileEncoding = 4; lastKnownFileType = sourcecode.c.h; path = SpotifyAPI.h; sourceTree = "<group>"; };
		FC609BC21A3CC24500182F08 /* SpotifyAPI.m */ = {isa = PBXFileReference; fileEncoding = 4; lastKnownFileType = sourcecode.c.objc; path = SpotifyAPI.m; sourceTree = "<group>"; };
		FC80F3CF1A3CC6BD00F7ABD0 /* YSTrack.h */ = {isa = PBXFileReference; fileEncoding = 4; lastKnownFileType = sourcecode.c.h; path = YSTrack.h; sourceTree = "<group>"; };
		FC80F3D01A3CC6BD00F7ABD0 /* YSTrack.m */ = {isa = PBXFileReference; fileEncoding = 4; lastKnownFileType = sourcecode.c.objc; path = YSTrack.m; sourceTree = "<group>"; };
/* End PBXFileReference section */

/* Begin PBXFrameworksBuildPhase section */
		F44B0C3C16DA404700E6CD88 /* Frameworks */ = {
			isa = PBXFrameworksBuildPhase;
			buildActionMask = 2147483647;
			files = (
				371C2C8A19BCF73800FDA390 /* AddressBook.framework in Frameworks */,
				371C2C8B19BCF73800FDA390 /* AddressBookUI.framework in Frameworks */,
				F44B0C6616DD09D900E6CD88 /* AVFoundation.framework in Frameworks */,
				F44B0C4316DA404700E6CD88 /* UIKit.framework in Frameworks */,
				F44B0C4516DA404700E6CD88 /* Foundation.framework in Frameworks */,
				F44B0C4716DA404700E6CD88 /* CoreGraphics.framework in Frameworks */,
				C1A8A28BEEE98012F2950D09 /* libPods-YapSnap.a in Frameworks */,
			);
			runOnlyForDeploymentPostprocessing = 0;
		};
/* End PBXFrameworksBuildPhase section */

/* Begin PBXGroup section */
		374383E119CE2B810009C323 /* Enter Phone Number Page */ = {
			isa = PBXGroup;
			children = (
				374383DE19CE29880009C323 /* EnterPhoneNumberViewController.h */,
				374383DF19CE29880009C323 /* EnterPhoneNumberViewController.m */,
			);
			name = "Enter Phone Number Page";
			sourceTree = "<group>";
		};
		374383E219CE2D6B0009C323 /* Enter Code Page */ = {
			isa = PBXGroup;
			children = (
				374383E319CE2DCA0009C323 /* EnterCodeViewController.h */,
				374383E419CE2DCA0009C323 /* EnterCodeViewController.m */,
			);
			name = "Enter Code Page";
			sourceTree = "<group>";
		};
		374383E619CE32250009C323 /* Landing Page */ = {
			isa = PBXGroup;
			children = (
				374383E719CE323B0009C323 /* LandingPageViewController.h */,
				374383E819CE323B0009C323 /* LandingPageViewController.m */,
			);
			name = "Landing Page";
			sourceTree = "<group>";
		};
		37695E5D19BB7A0B00C22E13 /* Resources */ = {
			isa = PBXGroup;
			children = (
				37D413B219D217FF00021548 /* Fonts */,
				3753AF8C19E9C55400B6391D /* RedArrow@2x.png */,
				3753AF9019E9C94800B6391D /* BlueArrow@2x.png */,
				3753AF8E19E9C65300B6391D /* RedArrowBackward@2x.png */,
				3753AF9219E9CAEC00B6391D /* Replay@2x.png */,
				37D413C119D21FC300021548 /* RedCircleSmall.png */,
				37BF0DEE19E917F80077B74F /* MicrophoneSmall@2x.png */,
				37BF0DEA19E912D00077B74F /* airplane@2x.png */,
				37D413CB19D230D000021548 /* ArrowWhite.png */,
				378FD61119BDF45C007F3224 /* CheckWhite.png */,
				37695E5E19BB7A2500C22E13 /* RecordButtonBlue.png */,
				3753AF8819E9A4D000B6391D /* Microphone_White2.png */,
				37695E6019BB86A700C22E13 /* RecordButtonRed.png */,
				37D20C2B19E4A19D008530BF /* RecordButtonRedWhiteBorder.png */,
				37D71F781A40B26E00267B7A /* SpotifyLogo@2x.png */,
				37695E6219BB97EA00C22E13 /* Arrow.png */,
				37695E6419BB98DD00C22E13 /* CancelImage2.png */,
				37695E6A19BBC06300C22E13 /* CancelImage.png */,
				3753AF8A19E9A68200B6391D /* YapsButtonRed.png */,
				37D20C2D19E4A2B3008530BF /* CancelImageWhite.png */,
				37695E7119BBC97900C22E13 /* ProgressViewBackgroundBlue.png */,
				37695E7319BBC9DE00C22E13 /* ProgressViewBackgroundRed.png */,
				37D20C2919E4A0E5008530BF /* ProgressViewBackgroundWhite.png */,
				37D20C2719E4A064008530BF /* ProgressViewBackgroundLightBlue.png */,
			);
			name = Resources;
			sourceTree = "<group>";
		};
		37695E7D19BBEE8500C22E13 /* Contacts Page */ = {
			isa = PBXGroup;
			children = (
				3793FDF519BCF0DC00FBBBCE /* ContactSelectionCell.h */,
				3793FDF619BCF0DC00FBBBCE /* ContactSelectionCell.m */,
				3793FDF719BCF0DC00FBBBCE /* ContactSelectionCell.xib */,
				3793FDF219BCEF5700FBBBCE /* ContactsViewController.h */,
				3793FDF319BCEF5700FBBBCE /* ContactsViewController.m */,
				3793FDFD19BCF16B00FBBBCE /* PhoneContact.h */,
				3793FDFE19BCF16B00FBBBCE /* PhoneContact.m */,
				3793FDFA19BCF11E00FBBBCE /* UIViewController+Communication.h */,
				3793FDFB19BCF11E00FBBBCE /* UIViewController+Communication.m */,
			);
			name = "Contacts Page";
			sourceTree = "<group>";
		};
		37BF0DE019E8FD1F0077B74F /* Yaps Page */ = {
			isa = PBXGroup;
			children = (
				37BF0DDD19E8FCF70077B74F /* YapsViewController.h */,
				37BF0DDE19E8FCF70077B74F /* YapsViewController.m */,
			);
			name = "Yaps Page";
			sourceTree = "<group>";
		};
		37C3746C19BC4A97001A1D02 /* HUD */ = {
			isa = PBXGroup;
			children = (
				37C3746919BC4A8E001A1D02 /* MBProgressHUD.h */,
				37C3746A19BC4A8E001A1D02 /* MBProgressHUD.m */,
			);
			name = HUD;
			sourceTree = "<group>";
		};
		37D413B219D217FF00021548 /* Fonts */ = {
			isa = PBXGroup;
			children = (
				37D413B319D2180600021548 /* FuturaStd-Medium.ttf */,
			);
			name = Fonts;
			sourceTree = "<group>";
		};
		37D413B419D21A1E00021548 /* BButton */ = {
			isa = PBXGroup;
			children = (
				37D413B519D21A1E00021548 /* BButton.h */,
				37D413B619D21A1E00021548 /* BButton.m */,
				37D413B719D21A1E00021548 /* NSString+FontAwesome.h */,
				37D413B819D21A1E00021548 /* NSString+FontAwesome.m */,
				37D413B919D21A1E00021548 /* resources */,
				37D413BB19D21A1F00021548 /* UIColor+BButton.h */,
				37D413BC19D21A1F00021548 /* UIColor+BButton.m */,
			);
			path = BButton;
			sourceTree = "<group>";
		};
		37D413B919D21A1E00021548 /* resources */ = {
			isa = PBXGroup;
			children = (
				37D413BA19D21A1F00021548 /* FontAwesome.ttf */,
			);
			path = resources;
			sourceTree = "<group>";
		};
		37D413C719D22B3B00021548 /* Enter Name Page */ = {
			isa = PBXGroup;
			children = (
				37D413C819D22B5E00021548 /* EnterNameViewController.h */,
				37D413C919D22B5E00021548 /* EnterNameViewController.m */,
			);
			name = "Enter Name Page";
			sourceTree = "<group>";
		};
		D7F0B05C2CE000894BFB84FE /* Pods */ = {
			isa = PBXGroup;
			children = (
				7DBB580EF15910507DC95A1F /* Pods-YapSnap.debug.xcconfig */,
				CA961E944F5B46EDE7E7229C /* Pods-YapSnap.release.xcconfig */,
			);
			name = Pods;
			sourceTree = "<group>";
		};
		F44B0C3616DA404700E6CD88 = {
			isa = PBXGroup;
			children = (
				37D413C419D2229A00021548 /* YapSnap App Icon 114.png */,
				37D413C319D221C800021548 /* YapSnap App Icon.png */,
				F44B0C5A16DA404700E6CD88 /* MainStoryboard.storyboard */,
				F44B0C6516DD09D900E6CD88 /* AVFoundation.framework */,
				F44B0C4816DA404700E6CD88 /* YapSnap */,
				37D413B419D21A1E00021548 /* BButton */,
				37695E5D19BB7A0B00C22E13 /* Resources */,
				F44B0C4116DA404700E6CD88 /* Frameworks */,
				F44B0C4016DA404700E6CD88 /* Products */,
				D7F0B05C2CE000894BFB84FE /* Pods */,
			);
			sourceTree = "<group>";
		};
		F44B0C4016DA404700E6CD88 /* Products */ = {
			isa = PBXGroup;
			children = (
				F44B0C3F16DA404700E6CD88 /* YapSnap.app */,
			);
			name = Products;
			sourceTree = "<group>";
		};
		F44B0C4116DA404700E6CD88 /* Frameworks */ = {
			isa = PBXGroup;
			children = (
				37E122E51A4011560073684D /* QuartzCore.framework */,
				371C2C8819BCF73800FDA390 /* AddressBook.framework */,
				371C2C8919BCF73800FDA390 /* AddressBookUI.framework */,
				F44B0C4216DA404700E6CD88 /* UIKit.framework */,
				F44B0C4416DA404700E6CD88 /* Foundation.framework */,
				F44B0C4616DA404700E6CD88 /* CoreGraphics.framework */,
				98C8F94496586F87E59A61FD /* libPods-YapSnap.a */,
			);
			name = Frameworks;
			sourceTree = "<group>";
		};
		F44B0C4816DA404700E6CD88 /* YapSnap */ = {
			isa = PBXGroup;
			children = (
				FC0C1D4D1A46065B00B148AB /* Libraries */,
				FC0C1D3F1A45EE5E00B148AB /* Controllers */,
				FCA2CE9E1A3CCC9B0055C76A /* Views */,
				FC609BC01A3CC22F00182F08 /* Model */,
				374383E619CE32250009C323 /* Landing Page */,
				37D413C719D22B3B00021548 /* Enter Name Page */,
				374383E119CE2B810009C323 /* Enter Phone Number Page */,
				374383E219CE2D6B0009C323 /* Enter Code Page */,
				37BF0DE019E8FD1F0077B74F /* Yaps Page */,
				37695E7D19BBEE8500C22E13 /* Contacts Page */,
				F44B0C5116DA404700E6CD88 /* AppDelegate.h */,
				F44B0C5216DA404700E6CD88 /* AppDelegate.m */,
				378191D319E59B4A006EF98F /* API.m */,
				378191D219E59B4A006EF98F /* API.h */,
				3799501619E9C8070086711F /* Global.h */,
				3799501719E9C8070086711F /* Global.m */,
				37C3746C19BC4A97001A1D02 /* HUD */,
				37D413C519D2235C00021548 /* Images.xcassets */,
				F44B0C4916DA404700E6CD88 /* Supporting Files */,
			);
			name = YapSnap;
			path = AudioDemo;
			sourceTree = "<group>";
		};
		F44B0C4916DA404700E6CD88 /* Supporting Files */ = {
			isa = PBXGroup;
			children = (
				F44B0C4A16DA404700E6CD88 /* YapSnap-Info.plist */,
				F44B0C4B16DA404700E6CD88 /* InfoPlist.strings */,
				F44B0C4E16DA404700E6CD88 /* main.m */,
				F44B0C5016DA404700E6CD88 /* YapSnap-Prefix.pch */,
				F44B0C5416DA404700E6CD88 /* Default.png */,
				F44B0C5616DA404700E6CD88 /* Default@2x.png */,
				F44B0C5816DA404700E6CD88 /* Default-568h@2x.png */,
			);
			name = "Supporting Files";
			sourceTree = "<group>";
		};
		FC0C1D3F1A45EE5E00B148AB /* Controllers */ = {
			isa = PBXGroup;
			children = (
				F44B0C5D16DA404700E6CD88 /* AudioCaptureViewController.h */,
				F44B0C5E16DA404700E6CD88 /* AudioCaptureViewController.m */,
				FC0C1D431A45F3DC00B148AB /* Audio Source */,
			);
			name = Controllers;
			sourceTree = "<group>";
		};
		FC0C1D431A45F3DC00B148AB /* Audio Source */ = {
			isa = PBXGroup;
			children = (
				FC0C1D441A45F41600B148AB /* YSAudioSourceController.h */,
				FC0C1D451A45F41600B148AB /* YSAudioSourceController.m */,
				FC0C1D471A45F79000B148AB /* YSSpotifySourceController.h */,
				FC0C1D481A45F79000B148AB /* YSSpotifySourceController.m */,
				FC0C1D4A1A45F98500B148AB /* YSMicSourceController.h */,
				FC0C1D4B1A45F98500B148AB /* YSMicSourceController.m */,
			);
			name = "Audio Source";
			sourceTree = "<group>";
		};
		FC0C1D4D1A46065B00B148AB /* Libraries */ = {
			isa = PBXGroup;
			children = (
				37695E6C19BBC78F00C22E13 /* JEProgressView.h */,
				37695E6D19BBC78F00C22E13 /* JEProgressView.m */,
			);
			name = Libraries;
			sourceTree = "<group>";
		};
		FC609BC01A3CC22F00182F08 /* Model */ = {
			isa = PBXGroup;
			children = (
				FC609BC11A3CC24500182F08 /* SpotifyAPI.h */,
				FC609BC21A3CC24500182F08 /* SpotifyAPI.m */,
				FC80F3CF1A3CC6BD00F7ABD0 /* YSTrack.h */,
				FC80F3D01A3CC6BD00F7ABD0 /* YSTrack.m */,
			);
			name = Model;
			sourceTree = "<group>";
		};
		FCA2CE9E1A3CCC9B0055C76A /* Views */ = {
			isa = PBXGroup;
			children = (
				FC1E89B61A4B852C007A8CDA /* SpotifyTrackView.h */,
				FC1E89B71A4B852C007A8CDA /* SpotifyTrackView.m */,
			);
			name = Views;
			sourceTree = "<group>";
		};
/* End PBXGroup section */

/* Begin PBXNativeTarget section */
		F44B0C3E16DA404700E6CD88 /* YapSnap */ = {
			isa = PBXNativeTarget;
			buildConfigurationList = F44B0C6216DA404700E6CD88 /* Build configuration list for PBXNativeTarget "YapSnap" */;
			buildPhases = (
				663B3BBE6A738F892933904C /* Check Pods Manifest.lock */,
				F44B0C3B16DA404700E6CD88 /* Sources */,
				F44B0C3C16DA404700E6CD88 /* Frameworks */,
				F44B0C3D16DA404700E6CD88 /* Resources */,
				A62B2CFFDA4212A856214F19 /* Copy Pods Resources */,
			);
			buildRules = (
			);
			dependencies = (
			);
			name = YapSnap;
			productName = AudioDemo;
			productReference = F44B0C3F16DA404700E6CD88 /* YapSnap.app */;
			productType = "com.apple.product-type.application";
		};
/* End PBXNativeTarget section */

/* Begin PBXProject section */
		F44B0C3716DA404700E6CD88 /* Project object */ = {
			isa = PBXProject;
			attributes = {
				LastUpgradeCheck = 0460;
				ORGANIZATIONNAME = Appcoda;
			};
			buildConfigurationList = F44B0C3A16DA404700E6CD88 /* Build configuration list for PBXProject "YapSnap" */;
			compatibilityVersion = "Xcode 3.2";
			developmentRegion = English;
			hasScannedForEncodings = 0;
			knownRegions = (
				en,
			);
			mainGroup = F44B0C3616DA404700E6CD88;
			productRefGroup = F44B0C4016DA404700E6CD88 /* Products */;
			projectDirPath = "";
			projectRoot = "";
			targets = (
				F44B0C3E16DA404700E6CD88 /* YapSnap */,
			);
		};
/* End PBXProject section */

/* Begin PBXResourcesBuildPhase section */
		F44B0C3D16DA404700E6CD88 /* Resources */ = {
			isa = PBXResourcesBuildPhase;
			buildActionMask = 2147483647;
			files = (
				378FD61219BDF45C007F3224 /* CheckWhite.png in Resources */,
				37695E6519BB98DD00C22E13 /* CancelImage2.png in Resources */,
				3753AF8919E9A4D000B6391D /* Microphone_White2.png in Resources */,
				37D20C2A19E4A0E5008530BF /* ProgressViewBackgroundWhite.png in Resources */,
				37BF0DEB19E912D00077B74F /* airplane@2x.png in Resources */,
				37BF0DED19E9164C0077B74F /* RedCircleIcon@2x.png in Resources */,
				F44B0C4D16DA404700E6CD88 /* InfoPlist.strings in Resources */,
				3793FDF919BCF0DC00FBBBCE /* ContactSelectionCell.xib in Resources */,
				3753AF9119E9C94800B6391D /* BlueArrow@2x.png in Resources */,
				F44B0C5516DA404700E6CD88 /* Default.png in Resources */,
				3753AF9319E9CAEC00B6391D /* Replay@2x.png in Resources */,
				37695E7419BBC9DE00C22E13 /* ProgressViewBackgroundRed.png in Resources */,
				37D20C2819E4A064008530BF /* ProgressViewBackgroundLightBlue.png in Resources */,
				37D20C2E19E4A2B3008530BF /* CancelImageWhite.png in Resources */,
				F44B0C5716DA404700E6CD88 /* Default@2x.png in Resources */,
				F44B0C5916DA404700E6CD88 /* Default-568h@2x.png in Resources */,
				37695E6B19BBC06300C22E13 /* CancelImage.png in Resources */,
				3753AF8B19E9A68200B6391D /* YapsButtonRed.png in Resources */,
				F44B0C5C16DA404700E6CD88 /* MainStoryboard.storyboard in Resources */,
				37695E6119BB86A700C22E13 /* RecordButtonRed.png in Resources */,
				37695E5F19BB7A2500C22E13 /* RecordButtonBlue.png in Resources */,
				37D413CC19D230D000021548 /* ArrowWhite.png in Resources */,
				37695E7219BBC97900C22E13 /* ProgressViewBackgroundBlue.png in Resources */,
				37BF0DDA19E8F9D60077B74F /* Microphone_White.png in Resources */,
				37D413C619D2235C00021548 /* Images.xcassets in Resources */,
				37D20C2C19E4A19D008530BF /* RecordButtonRedWhiteBorder.png in Resources */,
				37D71F791A40B26E00267B7A /* SpotifyLogo@2x.png in Resources */,
				37D413C219D21FC300021548 /* RedCircleSmall.png in Resources */,
				37695E6319BB97EA00C22E13 /* Arrow.png in Resources */,
				37D413BF19D21A1F00021548 /* FontAwesome.ttf in Resources */,
				37BF0DEF19E917F80077B74F /* MicrophoneSmall@2x.png in Resources */,
				3753AF8F19E9C65300B6391D /* RedArrowBackward@2x.png in Resources */,
				3753AF8D19E9C55400B6391D /* RedArrow@2x.png in Resources */,
			);
			runOnlyForDeploymentPostprocessing = 0;
		};
/* End PBXResourcesBuildPhase section */

/* Begin PBXShellScriptBuildPhase section */
		663B3BBE6A738F892933904C /* Check Pods Manifest.lock */ = {
			isa = PBXShellScriptBuildPhase;
			buildActionMask = 2147483647;
			files = (
			);
			inputPaths = (
			);
			name = "Check Pods Manifest.lock";
			outputPaths = (
			);
			runOnlyForDeploymentPostprocessing = 0;
			shellPath = /bin/sh;
			shellScript = "diff \"${PODS_ROOT}/../Podfile.lock\" \"${PODS_ROOT}/Manifest.lock\" > /dev/null\nif [[ $? != 0 ]] ; then\n    cat << EOM\nerror: The sandbox is not in sync with the Podfile.lock. Run 'pod install' or update your CocoaPods installation.\nEOM\n    exit 1\nfi\n";
			showEnvVarsInLog = 0;
		};
		A62B2CFFDA4212A856214F19 /* Copy Pods Resources */ = {
			isa = PBXShellScriptBuildPhase;
			buildActionMask = 2147483647;
			files = (
			);
			inputPaths = (
			);
			name = "Copy Pods Resources";
			outputPaths = (
			);
			runOnlyForDeploymentPostprocessing = 0;
			shellPath = /bin/sh;
			shellScript = "\"${SRCROOT}/Pods/Target Support Files/Pods-YapSnap/Pods-YapSnap-resources.sh\"\n";
			showEnvVarsInLog = 0;
		};
/* End PBXShellScriptBuildPhase section */

/* Begin PBXSourcesBuildPhase section */
		F44B0C3B16DA404700E6CD88 /* Sources */ = {
			isa = PBXSourcesBuildPhase;
			buildActionMask = 2147483647;
			files = (
				37D413BE19D21A1F00021548 /* NSString+FontAwesome.m in Sources */,
				F44B0C4F16DA404700E6CD88 /* main.m in Sources */,
				37D413CA19D22B5E00021548 /* EnterNameViewController.m in Sources */,
				3793FDFF19BCF16B00FBBBCE /* PhoneContact.m in Sources */,
				37D413C019D21A1F00021548 /* UIColor+BButton.m in Sources */,
				3793FDF419BCEF5700FBBBCE /* ContactsViewController.m in Sources */,
				374383E519CE2DCA0009C323 /* EnterCodeViewController.m in Sources */,
				3793FDFC19BCF11E00FBBBCE /* UIViewController+Communication.m in Sources */,
				FC80F3D11A3CC6BD00F7ABD0 /* YSTrack.m in Sources */,
				3799501819E9C8070086711F /* Global.m in Sources */,
				FC1E89B81A4B852C007A8CDA /* SpotifyTrackView.m in Sources */,
				FC0C1D491A45F79000B148AB /* YSSpotifySourceController.m in Sources */,
				374383E019CE29880009C323 /* EnterPhoneNumberViewController.m in Sources */,
				F44B0C5316DA404700E6CD88 /* AppDelegate.m in Sources */,
				374383E919CE323B0009C323 /* LandingPageViewController.m in Sources */,
				FC0C1D461A45F41600B148AB /* YSAudioSourceController.m in Sources */,
				378191D419E59B4A006EF98F /* API.m in Sources */,
				FC0C1D4C1A45F98500B148AB /* YSMicSourceController.m in Sources */,
				37695E6E19BBC78F00C22E13 /* JEProgressView.m in Sources */,
				3793FDF819BCF0DC00FBBBCE /* ContactSelectionCell.m in Sources */,
				37D413BD19D21A1F00021548 /* BButton.m in Sources */,
				F44B0C5F16DA404700E6CD88 /* AudioCaptureViewController.m in Sources */,
				37C3746B19BC4A8E001A1D02 /* MBProgressHUD.m in Sources */,
				37BF0DDF19E8FCF70077B74F /* YapsViewController.m in Sources */,
				FC609BC31A3CC24500182F08 /* SpotifyAPI.m in Sources */,
			);
			runOnlyForDeploymentPostprocessing = 0;
		};
/* End PBXSourcesBuildPhase section */

/* Begin PBXVariantGroup section */
		F44B0C4B16DA404700E6CD88 /* InfoPlist.strings */ = {
			isa = PBXVariantGroup;
			children = (
				F44B0C4C16DA404700E6CD88 /* en */,
			);
			name = InfoPlist.strings;
			sourceTree = "<group>";
		};
		F44B0C5A16DA404700E6CD88 /* MainStoryboard.storyboard */ = {
			isa = PBXVariantGroup;
			children = (
				F44B0C5B16DA404700E6CD88 /* en */,
			);
			name = MainStoryboard.storyboard;
			path = AudioDemo;
			sourceTree = "<group>";
		};
/* End PBXVariantGroup section */

/* Begin XCBuildConfiguration section */
		F44B0C6016DA404700E6CD88 /* Debug */ = {
			isa = XCBuildConfiguration;
			buildSettings = {
				ALWAYS_SEARCH_USER_PATHS = NO;
				CLANG_CXX_LANGUAGE_STANDARD = "gnu++0x";
				CLANG_CXX_LIBRARY = "libc++";
				CLANG_ENABLE_OBJC_ARC = YES;
				CLANG_WARN_CONSTANT_CONVERSION = YES;
				CLANG_WARN_EMPTY_BODY = YES;
				CLANG_WARN_ENUM_CONVERSION = YES;
				CLANG_WARN_INT_CONVERSION = YES;
				CLANG_WARN__DUPLICATE_METHOD_MATCH = YES;
				"CODE_SIGN_IDENTITY[sdk=iphoneos*]" = "iPhone Developer";
				COPY_PHASE_STRIP = NO;
				GCC_C_LANGUAGE_STANDARD = gnu99;
				GCC_DYNAMIC_NO_PIC = NO;
				GCC_OPTIMIZATION_LEVEL = 0;
				GCC_PREPROCESSOR_DEFINITIONS = (
					"DEBUG=1",
					"$(inherited)",
				);
				GCC_SYMBOLS_PRIVATE_EXTERN = NO;
				GCC_WARN_ABOUT_RETURN_TYPE = YES;
				GCC_WARN_UNINITIALIZED_AUTOS = YES;
				GCC_WARN_UNUSED_VARIABLE = YES;
				IPHONEOS_DEPLOYMENT_TARGET = 7.0;
				ONLY_ACTIVE_ARCH = YES;
				SDKROOT = iphoneos;
			};
			name = Debug;
		};
		F44B0C6116DA404700E6CD88 /* Release */ = {
			isa = XCBuildConfiguration;
			buildSettings = {
				ALWAYS_SEARCH_USER_PATHS = NO;
				CLANG_CXX_LANGUAGE_STANDARD = "gnu++0x";
				CLANG_CXX_LIBRARY = "libc++";
				CLANG_ENABLE_OBJC_ARC = YES;
				CLANG_WARN_CONSTANT_CONVERSION = YES;
				CLANG_WARN_EMPTY_BODY = YES;
				CLANG_WARN_ENUM_CONVERSION = YES;
				CLANG_WARN_INT_CONVERSION = YES;
				CLANG_WARN__DUPLICATE_METHOD_MATCH = YES;
				"CODE_SIGN_IDENTITY[sdk=iphoneos*]" = "iPhone Developer";
				COPY_PHASE_STRIP = YES;
				GCC_C_LANGUAGE_STANDARD = gnu99;
				GCC_WARN_ABOUT_RETURN_TYPE = YES;
				GCC_WARN_UNINITIALIZED_AUTOS = YES;
				GCC_WARN_UNUSED_VARIABLE = YES;
				IPHONEOS_DEPLOYMENT_TARGET = 7.0;
				OTHER_CFLAGS = "-DNS_BLOCK_ASSERTIONS=1";
				SDKROOT = iphoneos;
				VALIDATE_PRODUCT = YES;
			};
			name = Release;
		};
		F44B0C6316DA404700E6CD88 /* Debug */ = {
			isa = XCBuildConfiguration;
			baseConfigurationReference = 7DBB580EF15910507DC95A1F /* Pods-YapSnap.debug.xcconfig */;
			buildSettings = {
				ASSETCATALOG_COMPILER_APPICON_NAME = AppIcon;
				ASSETCATALOG_COMPILER_LAUNCHIMAGE_NAME = LaunchImage;
				GCC_PRECOMPILE_PREFIX_HEADER = YES;
				GCC_PREFIX_HEADER = "AudioDemo/YapSnap-Prefix.pch";
				INFOPLIST_FILE = "AudioDemo/YapSnap-Info.plist";
				PRODUCT_NAME = "$(TARGET_NAME)";
				WRAPPER_EXTENSION = app;
			};
			name = Debug;
		};
		F44B0C6416DA404700E6CD88 /* Release */ = {
			isa = XCBuildConfiguration;
			baseConfigurationReference = CA961E944F5B46EDE7E7229C /* Pods-YapSnap.release.xcconfig */;
			buildSettings = {
				ASSETCATALOG_COMPILER_APPICON_NAME = AppIcon;
				ASSETCATALOG_COMPILER_LAUNCHIMAGE_NAME = LaunchImage;
				GCC_PRECOMPILE_PREFIX_HEADER = YES;
				GCC_PREFIX_HEADER = "AudioDemo/YapSnap-Prefix.pch";
				INFOPLIST_FILE = "AudioDemo/YapSnap-Info.plist";
				PRODUCT_NAME = "$(TARGET_NAME)";
				WRAPPER_EXTENSION = app;
			};
			name = Release;
		};
/* End XCBuildConfiguration section */

/* Begin XCConfigurationList section */
		F44B0C3A16DA404700E6CD88 /* Build configuration list for PBXProject "YapSnap" */ = {
			isa = XCConfigurationList;
			buildConfigurations = (
				F44B0C6016DA404700E6CD88 /* Debug */,
				F44B0C6116DA404700E6CD88 /* Release */,
			);
			defaultConfigurationIsVisible = 0;
			defaultConfigurationName = Release;
		};
		F44B0C6216DA404700E6CD88 /* Build configuration list for PBXNativeTarget "YapSnap" */ = {
			isa = XCConfigurationList;
			buildConfigurations = (
				F44B0C6316DA404700E6CD88 /* Debug */,
				F44B0C6416DA404700E6CD88 /* Release */,
			);
			defaultConfigurationIsVisible = 0;
			defaultConfigurationName = Release;
		};
/* End XCConfigurationList section */
	};
	rootObject = F44B0C3716DA404700E6CD88 /* Project object */;
}
